# THIS IS AN AUTOGENERATED FILE. DO NOT EDIT THIS FILE DIRECTLY.
# yarn lockfile v1


stemmer@^1.0.4:
  version "1.0.4"
  resolved "https://registry.yarnpkg.com/stemmer/-/stemmer-1.0.4.tgz#b68a4c715ecc5f6fb34f37f0acb64592c12ceeca"
  integrity sha512-3EOHP7r8MAmnAbl7u0VuAe0DFmaJNmbLq1OpxETvN6cmWOO5i++wVH11OkKme8B4XA78j3e/TJC/6/FDp35oLg==

stopword@^0.3.1:
  version "0.3.1"
  resolved "https://registry.yarnpkg.com/stopword/-/stopword-0.3.1.tgz#af055b1a12ddff5c0b5b9e7a8b28853846f96a8c"
  integrity sha512-F4eRRIhEW4fgPZisV1tVXcag6g7Px94k7mwDRvCLfFQYa71FYre4nrbzIUKeiFMMNHVCa1l9/w0YJXjp5ZFyeA==
